// !$*UTF8*$!
{
	archiveVersion = 1;
	classes = {
	};
	objectVersion = 51;
	objects = {

/* Begin PBXBuildFile section */
		04D9422E2A30F68E00680CBC /* WaiIndexController.swift in Sources */ = {isa = PBXBuildFile; fileRef = 04D9422D2A30F68E00680CBC /* WaiIndexController.swift */; };
		04D942322A314E6000680CBC /* BaseController.swift in Sources */ = {isa = PBXBuildFile; fileRef = 04D942312A314E6000680CBC /* BaseController.swift */; };
		04D942352A314FB600680CBC /* ScanViewController.swift in Sources */ = {isa = PBXBuildFile; fileRef = 04D942332A314FB500680CBC /* ScanViewController.swift */; };
		04D942362A314FB600680CBC /* VideoRecordViewController.swift in Sources */ = {isa = PBXBuildFile; fileRef = 04D942342A314FB500680CBC /* VideoRecordViewController.swift */; };
		04D9423A2A3151BD00680CBC /* RecordManager.swift in Sources */ = {isa = PBXBuildFile; fileRef = 04D942382A3151BD00680CBC /* RecordManager.swift */; };
		04D9423B2A3151BD00680CBC /* LocationManager.swift in Sources */ = {isa = PBXBuildFile; fileRef = 04D942392A3151BD00680CBC /* LocationManager.swift */; };
		04D942442A3151E700680CBC /* LBXScanNetAnimation.swift in Sources */ = {isa = PBXBuildFile; fileRef = 04D9423D2A3151E700680CBC /* LBXScanNetAnimation.swift */; };
		04D942452A3151E700680CBC /* LBXScanView.swift in Sources */ = {isa = PBXBuildFile; fileRef = 04D9423E2A3151E700680CBC /* LBXScanView.swift */; };
		04D942462A3151E700680CBC /* LBXScanViewController.swift in Sources */ = {isa = PBXBuildFile; fileRef = 04D9423F2A3151E700680CBC /* LBXScanViewController.swift */; };
		04D942472A3151E700680CBC /* LBXScanLineAnimation.swift in Sources */ = {isa = PBXBuildFile; fileRef = 04D942402A3151E700680CBC /* LBXScanLineAnimation.swift */; };
		04D942482A3151E700680CBC /* LBXScanViewStyle.swift in Sources */ = {isa = PBXBuildFile; fileRef = 04D942412A3151E700680CBC /* LBXScanViewStyle.swift */; };
		04D942492A3151E700680CBC /* LBXPermissions.swift in Sources */ = {isa = PBXBuildFile; fileRef = 04D942422A3151E700680CBC /* LBXPermissions.swift */; };
		04D9424A2A3151E700680CBC /* LBXScanWrapper.swift in Sources */ = {isa = PBXBuildFile; fileRef = 04D942432A3151E700680CBC /* LBXScanWrapper.swift */; };
		04D9424C2A31525C00680CBC /* Global.swift in Sources */ = {isa = PBXBuildFile; fileRef = 04D9424B2A31525C00680CBC /* Global.swift */; };
		04D942B22A31548C00680CBC /* ViewController.swift in Sources */ = {isa = PBXBuildFile; fileRef = 04D9424F2A31548C00680CBC /* ViewController.swift */; };
		04D942B32A31548C00680CBC /* ComicCollectionFooterView.swift in Sources */ = {isa = PBXBuildFile; fileRef = 04D942532A31548C00680CBC /* ComicCollectionFooterView.swift */; };
		04D942B42A31548C00680CBC /* FindNavView.swift in Sources */ = {isa = PBXBuildFile; fileRef = 04D942542A31548C00680CBC /* FindNavView.swift */; };
		04D942B52A31548C00680CBC /* ComicCollectionHeaderView.swift in Sources */ = {isa = PBXBuildFile; fileRef = 04D942552A31548C00680CBC /* ComicCollectionHeaderView.swift */; };
		04D942B62A31548C00680CBC /* BoardCollectionViewCell.swift in Sources */ = {isa = PBXBuildFile; fileRef = 04D942562A31548C00680CBC /* BoardCollectionViewCell.swift */; };
		04D942B72A31548C00680CBC /* ComicCollectionViewCell.swift in Sources */ = {isa = PBXBuildFile; fileRef = 04D942572A31548C00680CBC /* ComicCollectionViewCell.swift */; };
		04D942B82A31548C00680CBC /* HomeVC.swift in Sources */ = {isa = PBXBuildFile; fileRef = 04D942582A31548C00680CBC /* HomeVC.swift */; };
		04D942B92A31548C00680CBC /* ReadComicVC.swift in Sources */ = {isa = PBXBuildFile; fileRef = 04D9425B2A31548C00680CBC /* ReadComicVC.swift */; };
		04D942BA2A31548C00680CBC /* ReadTopBarView.swift in Sources */ = {isa = PBXBuildFile; fileRef = 04D9425D2A31548C00680CBC /* ReadTopBarView.swift */; };
		04D942BB2A31548C00680CBC /* ReadBottomBarView.swift in Sources */ = {isa = PBXBuildFile; fileRef = 04D9425E2A31548C00680CBC /* ReadBottomBarView.swift */; };
		04D942BC2A31548C00680CBC /* ReadCollectionViewCell.swift in Sources */ = {isa = PBXBuildFile; fileRef = 04D9425F2A31548C00680CBC /* ReadCollectionViewCell.swift */; };
		04D942BD2A31548C00680CBC /* AllChapterVC.storyboard in Resources */ = {isa = PBXBuildFile; fileRef = 04D942612A31548C00680CBC /* AllChapterVC.storyboard */; };
		04D942BE2A31548C00680CBC /* AllChapterVC.swift in Sources */ = {isa = PBXBuildFile; fileRef = 04D942622A31548C00680CBC /* AllChapterVC.swift */; };
		04D942BF2A31548C00680CBC /* ChapterCell.swift in Sources */ = {isa = PBXBuildFile; fileRef = 04D942642A31548C00680CBC /* ChapterCell.swift */; };
		04D942C02A31548C00680CBC /* ChapterCell.xib in Resources */ = {isa = PBXBuildFile; fileRef = 04D942652A31548C00680CBC /* ChapterCell.xib */; };
		04D942C12A31548C00680CBC /* ComicIntroVC.swift in Sources */ = {isa = PBXBuildFile; fileRef = 04D942662A31548C00680CBC /* ComicIntroVC.swift */; };
		04D942C22A31548C00680CBC /* AuthorComicListVC.swift in Sources */ = {isa = PBXBuildFile; fileRef = 04D942682A31548C00680CBC /* AuthorComicListVC.swift */; };
		04D942C32A31548C00680CBC /* OtherWorksCollectionViewCell.swift in Sources */ = {isa = PBXBuildFile; fileRef = 04D9426A2A31548C00680CBC /* OtherWorksCollectionViewCell.swift */; };
		04D942C42A31548C00680CBC /* ComicIntroVC.storyboard in Resources */ = {isa = PBXBuildFile; fileRef = 04D9426B2A31548C00680CBC /* ComicIntroVC.storyboard */; };
		04D942C52A31548C00680CBC /* MineVC.swift in Sources */ = {isa = PBXBuildFile; fileRef = 04D9426D2A31548C00680CBC /* MineVC.swift */; };
		04D942C62A31548C00680CBC /* MineHeaderView.swift in Sources */ = {isa = PBXBuildFile; fileRef = 04D9426F2A31548C00680CBC /* MineHeaderView.swift */; };
		04D942C72A31548C00680CBC /* MineCollectionViewCell.swift in Sources */ = {isa = PBXBuildFile; fileRef = 04D942702A31548C00680CBC /* MineCollectionViewCell.swift */; };
		04D942C82A31548C00680CBC /* CommunityVC.swift in Sources */ = {isa = PBXBuildFile; fileRef = 04D942722A31548C00680CBC /* CommunityVC.swift */; };
		04D942C92A31548C00680CBC /* ImageController.swift in Sources */ = {isa = PBXBuildFile; fileRef = 04D942742A31548C00680CBC /* ImageController.swift */; };
		04D942CA2A31548C00680CBC /* BaseTableViewCell.swift in Sources */ = {isa = PBXBuildFile; fileRef = 04D942762A31548C00680CBC /* BaseTableViewCell.swift */; };
		04D942CB2A31548C00680CBC /* BaseCollectionViewCell.swift in Sources */ = {isa = PBXBuildFile; fileRef = 04D942772A31548C00680CBC /* BaseCollectionViewCell.swift */; };
		04D942CC2A31548C00680CBC /* BaseTableViewHeaderFooterView.swift in Sources */ = {isa = PBXBuildFile; fileRef = 04D942782A31548C00680CBC /* BaseTableViewHeaderFooterView.swift */; };
		04D942CD2A31548C00680CBC /* BaseCollectionReusableView.swift in Sources */ = {isa = PBXBuildFile; fileRef = 04D942792A31548C00680CBC /* BaseCollectionReusableView.swift */; };
		04D942CE2A31548D00680CBC /* SegmentMainController.swift in Sources */ = {isa = PBXBuildFile; fileRef = 04D9427A2A31548C00680CBC /* SegmentMainController.swift */; };
		04D942CF2A31548D00680CBC /* NaviController.swift in Sources */ = {isa = PBXBuildFile; fileRef = 04D9427B2A31548C00680CBC /* NaviController.swift */; };
		04D942D02A31548D00680CBC /* TabBarController.swift in Sources */ = {isa = PBXBuildFile; fileRef = 04D9427C2A31548C00680CBC /* TabBarController.swift */; };
		04D942D12A31548D00680CBC /* BookListVC.swift in Sources */ = {isa = PBXBuildFile; fileRef = 04D9427F2A31548C00680CBC /* BookListVC.swift */; };
		04D942D22A31548D00680CBC /* ReadHistoryVC.swift in Sources */ = {isa = PBXBuildFile; fileRef = 04D942812A31548C00680CBC /* ReadHistoryVC.swift */; };
		04D942D32A31548D00680CBC /* DownloadVC.swift in Sources */ = {isa = PBXBuildFile; fileRef = 04D942832A31548C00680CBC /* DownloadVC.swift */; };
		04D942D42A31548D00680CBC /* BookCollectionVC.swift in Sources */ = {isa = PBXBuildFile; fileRef = 04D942852A31548C00680CBC /* BookCollectionVC.swift */; };
		04D942D52A31548D00680CBC /* BookrackVC.swift in Sources */ = {isa = PBXBuildFile; fileRef = 04D942862A31548C00680CBC /* BookrackVC.swift */; };
		04D942D62A31548D00680CBC /* UCollectionViewAlignedLayout.swift in Sources */ = {isa = PBXBuildFile; fileRef = 04D942892A31548C00680CBC /* UCollectionViewAlignedLayout.swift */; };
		04D942D72A31548D00680CBC /* UCollectionViewSectionBackgroundLayout.swift in Sources */ = {isa = PBXBuildFile; fileRef = 04D9428A2A31548C00680CBC /* UCollectionViewSectionBackgroundLayout.swift */; };
		04D942D82A31548D00680CBC /* LICENSE in Resources */ = {isa = PBXBuildFile; fileRef = 04D9428C2A31548C00680CBC /* LICENSE */; };
		04D942D92A31548D00680CBC /* README.md in Resources */ = {isa = PBXBuildFile; fileRef = 04D9428D2A31548C00680CBC /* README.md */; };
		04D942DA2A31548D00680CBC /* LLViewExtensions.swift in Sources */ = {isa = PBXBuildFile; fileRef = 04D942902A31548C00680CBC /* LLViewExtensions.swift */; };
		04D942DB2A31548D00680CBC /* LLPillPageControl.swift in Sources */ = {isa = PBXBuildFile; fileRef = 04D942912A31548C00680CBC /* LLPillPageControl.swift */; };
		04D942DC2A31548D00680CBC /* LLCycleScrollView.swift in Sources */ = {isa = PBXBuildFile; fileRef = 04D942922A31548C00680CBC /* LLCycleScrollView.swift */; };
		04D942DD2A31548D00680CBC /* LLSnakePageControl.swift in Sources */ = {isa = PBXBuildFile; fileRef = 04D942932A31548C00680CBC /* LLSnakePageControl.swift */; };
		04D942DE2A31548D00680CBC /* LLCycleScrollViewCell.swift in Sources */ = {isa = PBXBuildFile; fileRef = 04D942942A31548C00680CBC /* LLCycleScrollViewCell.swift */; };
		04D942DF2A31548D00680CBC /* LLFilledPageControl.swift in Sources */ = {isa = PBXBuildFile; fileRef = 04D942952A31548C00680CBC /* LLFilledPageControl.swift */; };
		04D942E02A31548D00680CBC /* LLImagePageControl.swift in Sources */ = {isa = PBXBuildFile; fileRef = 04D942962A31548C00680CBC /* LLImagePageControl.swift */; };
		04D942E12A31548D00680CBC /* LLCycleScrollView.bundle in Resources */ = {isa = PBXBuildFile; fileRef = 04D942972A31548C00680CBC /* LLCycleScrollView.bundle */; };
		04D942E22A31548D00680CBC /* ArrayExtensions.swift in Sources */ = {isa = PBXBuildFile; fileRef = 04D942992A31548C00680CBC /* ArrayExtensions.swift */; };
		04D942E32A31548D00680CBC /* UIColorExtension.swift in Sources */ = {isa = PBXBuildFile; fileRef = 04D9429A2A31548C00680CBC /* UIColorExtension.swift */; };
		04D942E42A31548D00680CBC /* UIViewExtension.swift in Sources */ = {isa = PBXBuildFile; fileRef = 04D9429B2A31548C00680CBC /* UIViewExtension.swift */; };
		04D942E52A31548D00680CBC /* UIBarButtonItemExtension.swift in Sources */ = {isa = PBXBuildFile; fileRef = 04D9429C2A31548C00680CBC /* UIBarButtonItemExtension.swift */; };
		04D942E62A31548D00680CBC /* UIDeviceExtension.swift in Sources */ = {isa = PBXBuildFile; fileRef = 04D9429D2A31548C00680CBC /* UIDeviceExtension.swift */; };
		04D942E72A31548D00680CBC /* UIImageExtensions.swift in Sources */ = {isa = PBXBuildFile; fileRef = 04D9429E2A31548C00680CBC /* UIImageExtensions.swift */; };
		04D942E82A31548D00680CBC /* DispatchQueueExtension.swift in Sources */ = {isa = PBXBuildFile; fileRef = 04D9429F2A31548C00680CBC /* DispatchQueueExtension.swift */; };
		04D942E92A31548D00680CBC /* StringExtension.swift in Sources */ = {isa = PBXBuildFile; fileRef = 04D942A02A31548C00680CBC /* StringExtension.swift */; };
		04D942EA2A31548D00680CBC /* DictionaryExtension.swift in Sources */ = {isa = PBXBuildFile; fileRef = 04D942A12A31548C00680CBC /* DictionaryExtension.swift */; };
		04D942EB2A31548D00680CBC /* URefresh.swift in Sources */ = {isa = PBXBuildFile; fileRef = 04D942A32A31548C00680CBC /* URefresh.swift */; };
		04D942EC2A31548D00680CBC /* UEmptyDataSet.swift in Sources */ = {isa = PBXBuildFile; fileRef = 04D942A52A31548C00680CBC /* UEmptyDataSet.swift */; };
		04D942ED2A31548D00680CBC /* UHairPowder.swift in Sources */ = {isa = PBXBuildFile; fileRef = 04D942A72A31548C00680CBC /* UHairPowder.swift */; };
		04D942EE2A31548D00680CBC /* ParallaxHeaderMode.swift in Sources */ = {isa = PBXBuildFile; fileRef = 04D942A92A31548C00680CBC /* ParallaxHeaderMode.swift */; };
		04D942EF2A31548D00680CBC /* UIScrollView+ParallaxHeader.swift in Sources */ = {isa = PBXBuildFile; fileRef = 04D942AA2A31548C00680CBC /* UIScrollView+ParallaxHeader.swift */; };
		04D942F02A31548D00680CBC /* ParallaxHeader.swift in Sources */ = {isa = PBXBuildFile; fileRef = 04D942AB2A31548C00680CBC /* ParallaxHeader.swift */; };
		04D942F12A31548D00680CBC /* UNoticeBar.swift in Sources */ = {isa = PBXBuildFile; fileRef = 04D942AD2A31548C00680CBC /* UNoticeBar.swift */; };
		04D942F22A31548D00680CBC /* Model.swift in Sources */ = {isa = PBXBuildFile; fileRef = 04D942AF2A31548C00680CBC /* Model.swift */; };
		04D942F32A31548D00680CBC /* API.swift in Sources */ = {isa = PBXBuildFile; fileRef = 04D942B12A31548C00680CBC /* API.swift */; };
		04D943272A315FBD00680CBC /* Assets in Resources */ = {isa = PBXBuildFile; fileRef = 04D943262A315FBD00680CBC /* Assets */; };
		4DCB9388061B539D50EBA2C1 /* Pods_U17.framework in Frameworks */ = {isa = PBXBuildFile; fileRef = D896B883C482121C4CF9E938 /* Pods_U17.framework */; };
		50EE1D75246BEC7100C4CF28 /* AppDelegate.swift in Sources */ = {isa = PBXBuildFile; fileRef = 50EE1D74246BEC7100C4CF28 /* AppDelegate.swift */; };
		50EE1D7E246BEC7300C4CF28 /* Assets.xcassets in Resources */ = {isa = PBXBuildFile; fileRef = 50EE1D7D246BEC7300C4CF28 /* Assets.xcassets */; };
		50EE1D81246BEC7300C4CF28 /* LaunchScreen.storyboard in Resources */ = {isa = PBXBuildFile; fileRef = 50EE1D7F246BEC7300C4CF28 /* LaunchScreen.storyboard */; };
		50EE1DCB246CD98600C4CF28 /* Main.storyboard in Resources */ = {isa = PBXBuildFile; fileRef = 50EE1DCA246CD98600C4CF28 /* Main.storyboard */; };
/* End PBXBuildFile section */

/* Begin PBXFileReference section */
		04D9422D2A30F68E00680CBC /* WaiIndexController.swift */ = {isa = PBXFileReference; fileEncoding = 4; lastKnownFileType = sourcecode.swift; path = WaiIndexController.swift; sourceTree = "<group>"; };
		04D942312A314E6000680CBC /* BaseController.swift */ = {isa = PBXFileReference; lastKnownFileType = sourcecode.swift; path = BaseController.swift; sourceTree = "<group>"; };
		04D942332A314FB500680CBC /* ScanViewController.swift */ = {isa = PBXFileReference; fileEncoding = 4; lastKnownFileType = sourcecode.swift; path = ScanViewController.swift; sourceTree = "<group>"; };
		04D942342A314FB500680CBC /* VideoRecordViewController.swift */ = {isa = PBXFileReference; fileEncoding = 4; lastKnownFileType = sourcecode.swift; path = VideoRecordViewController.swift; sourceTree = "<group>"; };
		04D942382A3151BD00680CBC /* RecordManager.swift */ = {isa = PBXFileReference; fileEncoding = 4; lastKnownFileType = sourcecode.swift; path = RecordManager.swift; sourceTree = "<group>"; };
		04D942392A3151BD00680CBC /* LocationManager.swift */ = {isa = PBXFileReference; fileEncoding = 4; lastKnownFileType = sourcecode.swift; path = LocationManager.swift; sourceTree = "<group>"; };
		04D9423D2A3151E700680CBC /* LBXScanNetAnimation.swift */ = {isa = PBXFileReference; fileEncoding = 4; lastKnownFileType = sourcecode.swift; path = LBXScanNetAnimation.swift; sourceTree = "<group>"; };
		04D9423E2A3151E700680CBC /* LBXScanView.swift */ = {isa = PBXFileReference; fileEncoding = 4; lastKnownFileType = sourcecode.swift; path = LBXScanView.swift; sourceTree = "<group>"; };
		04D9423F2A3151E700680CBC /* LBXScanViewController.swift */ = {isa = PBXFileReference; fileEncoding = 4; lastKnownFileType = sourcecode.swift; path = LBXScanViewController.swift; sourceTree = "<group>"; };
		04D942402A3151E700680CBC /* LBXScanLineAnimation.swift */ = {isa = PBXFileReference; fileEncoding = 4; lastKnownFileType = sourcecode.swift; path = LBXScanLineAnimation.swift; sourceTree = "<group>"; };
		04D942412A3151E700680CBC /* LBXScanViewStyle.swift */ = {isa = PBXFileReference; fileEncoding = 4; lastKnownFileType = sourcecode.swift; path = LBXScanViewStyle.swift; sourceTree = "<group>"; };
		04D942422A3151E700680CBC /* LBXPermissions.swift */ = {isa = PBXFileReference; fileEncoding = 4; lastKnownFileType = sourcecode.swift; path = LBXPermissions.swift; sourceTree = "<group>"; };
		04D942432A3151E700680CBC /* LBXScanWrapper.swift */ = {isa = PBXFileReference; fileEncoding = 4; lastKnownFileType = sourcecode.swift; path = LBXScanWrapper.swift; sourceTree = "<group>"; };
		04D9424B2A31525C00680CBC /* Global.swift */ = {isa = PBXFileReference; fileEncoding = 4; lastKnownFileType = sourcecode.swift; path = Global.swift; sourceTree = "<group>"; };
		04D9424F2A31548C00680CBC /* ViewController.swift */ = {isa = PBXFileReference; fileEncoding = 4; lastKnownFileType = sourcecode.swift; path = ViewController.swift; sourceTree = "<group>"; };
		04D942532A31548C00680CBC /* ComicCollectionFooterView.swift */ = {isa = PBXFileReference; fileEncoding = 4; lastKnownFileType = sourcecode.swift; path = ComicCollectionFooterView.swift; sourceTree = "<group>"; };
		04D942542A31548C00680CBC /* FindNavView.swift */ = {isa = PBXFileReference; fileEncoding = 4; lastKnownFileType = sourcecode.swift; path = FindNavView.swift; sourceTree = "<group>"; };
		04D942552A31548C00680CBC /* ComicCollectionHeaderView.swift */ = {isa = PBXFileReference; fileEncoding = 4; lastKnownFileType = sourcecode.swift; path = ComicCollectionHeaderView.swift; sourceTree = "<group>"; };
		04D942562A31548C00680CBC /* BoardCollectionViewCell.swift */ = {isa = PBXFileReference; fileEncoding = 4; lastKnownFileType = sourcecode.swift; path = BoardCollectionViewCell.swift; sourceTree = "<group>"; };
		04D942572A31548C00680CBC /* ComicCollectionViewCell.swift */ = {isa = PBXFileReference; fileEncoding = 4; lastKnownFileType = sourcecode.swift; path = ComicCollectionViewCell.swift; sourceTree = "<group>"; };
		04D942582A31548C00680CBC /* HomeVC.swift */ = {isa = PBXFileReference; fileEncoding = 4; lastKnownFileType = sourcecode.swift; path = HomeVC.swift; sourceTree = "<group>"; };
		04D9425B2A31548C00680CBC /* ReadComicVC.swift */ = {isa = PBXFileReference; fileEncoding = 4; lastKnownFileType = sourcecode.swift; path = ReadComicVC.swift; sourceTree = "<group>"; };
		04D9425D2A31548C00680CBC /* ReadTopBarView.swift */ = {isa = PBXFileReference; fileEncoding = 4; lastKnownFileType = sourcecode.swift; path = ReadTopBarView.swift; sourceTree = "<group>"; };
		04D9425E2A31548C00680CBC /* ReadBottomBarView.swift */ = {isa = PBXFileReference; fileEncoding = 4; lastKnownFileType = sourcecode.swift; path = ReadBottomBarView.swift; sourceTree = "<group>"; };
		04D9425F2A31548C00680CBC /* ReadCollectionViewCell.swift */ = {isa = PBXFileReference; fileEncoding = 4; lastKnownFileType = sourcecode.swift; path = ReadCollectionViewCell.swift; sourceTree = "<group>"; };
		04D942612A31548C00680CBC /* AllChapterVC.storyboard */ = {isa = PBXFileReference; fileEncoding = 4; lastKnownFileType = file.storyboard; path = AllChapterVC.storyboard; sourceTree = "<group>"; };
		04D942622A31548C00680CBC /* AllChapterVC.swift */ = {isa = PBXFileReference; fileEncoding = 4; lastKnownFileType = sourcecode.swift; path = AllChapterVC.swift; sourceTree = "<group>"; };
		04D942642A31548C00680CBC /* ChapterCell.swift */ = {isa = PBXFileReference; fileEncoding = 4; lastKnownFileType = sourcecode.swift; path = ChapterCell.swift; sourceTree = "<group>"; };
		04D942652A31548C00680CBC /* ChapterCell.xib */ = {isa = PBXFileReference; fileEncoding = 4; lastKnownFileType = file.xib; path = ChapterCell.xib; sourceTree = "<group>"; };
		04D942662A31548C00680CBC /* ComicIntroVC.swift */ = {isa = PBXFileReference; fileEncoding = 4; lastKnownFileType = sourcecode.swift; path = ComicIntroVC.swift; sourceTree = "<group>"; };
		04D942682A31548C00680CBC /* AuthorComicListVC.swift */ = {isa = PBXFileReference; fileEncoding = 4; lastKnownFileType = sourcecode.swift; path = AuthorComicListVC.swift; sourceTree = "<group>"; };
		04D9426A2A31548C00680CBC /* OtherWorksCollectionViewCell.swift */ = {isa = PBXFileReference; fileEncoding = 4; lastKnownFileType = sourcecode.swift; path = OtherWorksCollectionViewCell.swift; sourceTree = "<group>"; };
		04D9426B2A31548C00680CBC /* ComicIntroVC.storyboard */ = {isa = PBXFileReference; fileEncoding = 4; lastKnownFileType = file.storyboard; path = ComicIntroVC.storyboard; sourceTree = "<group>"; };
		04D9426D2A31548C00680CBC /* MineVC.swift */ = {isa = PBXFileReference; fileEncoding = 4; lastKnownFileType = sourcecode.swift; path = MineVC.swift; sourceTree = "<group>"; };
		04D9426F2A31548C00680CBC /* MineHeaderView.swift */ = {isa = PBXFileReference; fileEncoding = 4; lastKnownFileType = sourcecode.swift; path = MineHeaderView.swift; sourceTree = "<group>"; };
		04D942702A31548C00680CBC /* MineCollectionViewCell.swift */ = {isa = PBXFileReference; fileEncoding = 4; lastKnownFileType = sourcecode.swift; path = MineCollectionViewCell.swift; sourceTree = "<group>"; };
		04D942722A31548C00680CBC /* CommunityVC.swift */ = {isa = PBXFileReference; fileEncoding = 4; lastKnownFileType = sourcecode.swift; path = CommunityVC.swift; sourceTree = "<group>"; };
		04D942742A31548C00680CBC /* ImageController.swift */ = {isa = PBXFileReference; fileEncoding = 4; lastKnownFileType = sourcecode.swift; path = ImageController.swift; sourceTree = "<group>"; };
		04D942762A31548C00680CBC /* BaseTableViewCell.swift */ = {isa = PBXFileReference; fileEncoding = 4; lastKnownFileType = sourcecode.swift; path = BaseTableViewCell.swift; sourceTree = "<group>"; };
		04D942772A31548C00680CBC /* BaseCollectionViewCell.swift */ = {isa = PBXFileReference; fileEncoding = 4; lastKnownFileType = sourcecode.swift; path = BaseCollectionViewCell.swift; sourceTree = "<group>"; };
		04D942782A31548C00680CBC /* BaseTableViewHeaderFooterView.swift */ = {isa = PBXFileReference; fileEncoding = 4; lastKnownFileType = sourcecode.swift; path = BaseTableViewHeaderFooterView.swift; sourceTree = "<group>"; };
		04D942792A31548C00680CBC /* BaseCollectionReusableView.swift */ = {isa = PBXFileReference; fileEncoding = 4; lastKnownFileType = sourcecode.swift; path = BaseCollectionReusableView.swift; sourceTree = "<group>"; };
		04D9427A2A31548C00680CBC /* SegmentMainController.swift */ = {isa = PBXFileReference; fileEncoding = 4; lastKnownFileType = sourcecode.swift; path = SegmentMainController.swift; sourceTree = "<group>"; };
		04D9427B2A31548C00680CBC /* NaviController.swift */ = {isa = PBXFileReference; fileEncoding = 4; lastKnownFileType = sourcecode.swift; path = NaviController.swift; sourceTree = "<group>"; };
		04D9427C2A31548C00680CBC /* TabBarController.swift */ = {isa = PBXFileReference; fileEncoding = 4; lastKnownFileType = sourcecode.swift; path = TabBarController.swift; sourceTree = "<group>"; };
		04D9427F2A31548C00680CBC /* BookListVC.swift */ = {isa = PBXFileReference; fileEncoding = 4; lastKnownFileType = sourcecode.swift; path = BookListVC.swift; sourceTree = "<group>"; };
		04D942812A31548C00680CBC /* ReadHistoryVC.swift */ = {isa = PBXFileReference; fileEncoding = 4; lastKnownFileType = sourcecode.swift; path = ReadHistoryVC.swift; sourceTree = "<group>"; };
		04D942832A31548C00680CBC /* DownloadVC.swift */ = {isa = PBXFileReference; fileEncoding = 4; lastKnownFileType = sourcecode.swift; path = DownloadVC.swift; sourceTree = "<group>"; };
		04D942852A31548C00680CBC /* BookCollectionVC.swift */ = {isa = PBXFileReference; fileEncoding = 4; lastKnownFileType = sourcecode.swift; path = BookCollectionVC.swift; sourceTree = "<group>"; };
		04D942862A31548C00680CBC /* BookrackVC.swift */ = {isa = PBXFileReference; fileEncoding = 4; lastKnownFileType = sourcecode.swift; path = BookrackVC.swift; sourceTree = "<group>"; };
		04D942892A31548C00680CBC /* UCollectionViewAlignedLayout.swift */ = {isa = PBXFileReference; fileEncoding = 4; lastKnownFileType = sourcecode.swift; path = UCollectionViewAlignedLayout.swift; sourceTree = "<group>"; };
		04D9428A2A31548C00680CBC /* UCollectionViewSectionBackgroundLayout.swift */ = {isa = PBXFileReference; fileEncoding = 4; lastKnownFileType = sourcecode.swift; path = UCollectionViewSectionBackgroundLayout.swift; sourceTree = "<group>"; };
		04D9428C2A31548C00680CBC /* LICENSE */ = {isa = PBXFileReference; fileEncoding = 4; lastKnownFileType = text; path = LICENSE; sourceTree = "<group>"; };
		04D9428D2A31548C00680CBC /* README.md */ = {isa = PBXFileReference; fileEncoding = 4; lastKnownFileType = net.daringfireball.markdown; path = README.md; sourceTree = "<group>"; };
		04D942902A31548C00680CBC /* LLViewExtensions.swift */ = {isa = PBXFileReference; fileEncoding = 4; lastKnownFileType = sourcecode.swift; path = LLViewExtensions.swift; sourceTree = "<group>"; };
		04D942912A31548C00680CBC /* LLPillPageControl.swift */ = {isa = PBXFileReference; fileEncoding = 4; lastKnownFileType = sourcecode.swift; path = LLPillPageControl.swift; sourceTree = "<group>"; };
		04D942922A31548C00680CBC /* LLCycleScrollView.swift */ = {isa = PBXFileReference; fileEncoding = 4; lastKnownFileType = sourcecode.swift; path = LLCycleScrollView.swift; sourceTree = "<group>"; };
		04D942932A31548C00680CBC /* LLSnakePageControl.swift */ = {isa = PBXFileReference; fileEncoding = 4; lastKnownFileType = sourcecode.swift; path = LLSnakePageControl.swift; sourceTree = "<group>"; };
		04D942942A31548C00680CBC /* LLCycleScrollViewCell.swift */ = {isa = PBXFileReference; fileEncoding = 4; lastKnownFileType = sourcecode.swift; path = LLCycleScrollViewCell.swift; sourceTree = "<group>"; };
		04D942952A31548C00680CBC /* LLFilledPageControl.swift */ = {isa = PBXFileReference; fileEncoding = 4; lastKnownFileType = sourcecode.swift; path = LLFilledPageControl.swift; sourceTree = "<group>"; };
		04D942962A31548C00680CBC /* LLImagePageControl.swift */ = {isa = PBXFileReference; fileEncoding = 4; lastKnownFileType = sourcecode.swift; path = LLImagePageControl.swift; sourceTree = "<group>"; };
		04D942972A31548C00680CBC /* LLCycleScrollView.bundle */ = {isa = PBXFileReference; lastKnownFileType = "wrapper.plug-in"; path = LLCycleScrollView.bundle; sourceTree = "<group>"; };
		04D942992A31548C00680CBC /* ArrayExtensions.swift */ = {isa = PBXFileReference; fileEncoding = 4; lastKnownFileType = sourcecode.swift; path = ArrayExtensions.swift; sourceTree = "<group>"; };
		04D9429A2A31548C00680CBC /* UIColorExtension.swift */ = {isa = PBXFileReference; fileEncoding = 4; lastKnownFileType = sourcecode.swift; path = UIColorExtension.swift; sourceTree = "<group>"; };
		04D9429B2A31548C00680CBC /* UIViewExtension.swift */ = {isa = PBXFileReference; fileEncoding = 4; lastKnownFileType = sourcecode.swift; path = UIViewExtension.swift; sourceTree = "<group>"; };
		04D9429C2A31548C00680CBC /* UIBarButtonItemExtension.swift */ = {isa = PBXFileReference; fileEncoding = 4; lastKnownFileType = sourcecode.swift; path = UIBarButtonItemExtension.swift; sourceTree = "<group>"; };
		04D9429D2A31548C00680CBC /* UIDeviceExtension.swift */ = {isa = PBXFileReference; fileEncoding = 4; lastKnownFileType = sourcecode.swift; path = UIDeviceExtension.swift; sourceTree = "<group>"; };
		04D9429E2A31548C00680CBC /* UIImageExtensions.swift */ = {isa = PBXFileReference; fileEncoding = 4; lastKnownFileType = sourcecode.swift; path = UIImageExtensions.swift; sourceTree = "<group>"; };
		04D9429F2A31548C00680CBC /* DispatchQueueExtension.swift */ = {isa = PBXFileReference; fileEncoding = 4; lastKnownFileType = sourcecode.swift; path = DispatchQueueExtension.swift; sourceTree = "<group>"; };
		04D942A02A31548C00680CBC /* StringExtension.swift */ = {isa = PBXFileReference; fileEncoding = 4; lastKnownFileType = sourcecode.swift; path = StringExtension.swift; sourceTree = "<group>"; };
		04D942A12A31548C00680CBC /* DictionaryExtension.swift */ = {isa = PBXFileReference; fileEncoding = 4; lastKnownFileType = sourcecode.swift; path = DictionaryExtension.swift; sourceTree = "<group>"; };
		04D942A32A31548C00680CBC /* URefresh.swift */ = {isa = PBXFileReference; fileEncoding = 4; lastKnownFileType = sourcecode.swift; path = URefresh.swift; sourceTree = "<group>"; };
		04D942A52A31548C00680CBC /* UEmptyDataSet.swift */ = {isa = PBXFileReference; fileEncoding = 4; lastKnownFileType = sourcecode.swift; path = UEmptyDataSet.swift; sourceTree = "<group>"; };
		04D942A72A31548C00680CBC /* UHairPowder.swift */ = {isa = PBXFileReference; fileEncoding = 4; lastKnownFileType = sourcecode.swift; path = UHairPowder.swift; sourceTree = "<group>"; };
		04D942A92A31548C00680CBC /* ParallaxHeaderMode.swift */ = {isa = PBXFileReference; fileEncoding = 4; lastKnownFileType = sourcecode.swift; path = ParallaxHeaderMode.swift; sourceTree = "<group>"; };
		04D942AA2A31548C00680CBC /* UIScrollView+ParallaxHeader.swift */ = {isa = PBXFileReference; fileEncoding = 4; lastKnownFileType = sourcecode.swift; path = "UIScrollView+ParallaxHeader.swift"; sourceTree = "<group>"; };
		04D942AB2A31548C00680CBC /* ParallaxHeader.swift */ = {isa = PBXFileReference; fileEncoding = 4; lastKnownFileType = sourcecode.swift; path = ParallaxHeader.swift; sourceTree = "<group>"; };
		04D942AD2A31548C00680CBC /* UNoticeBar.swift */ = {isa = PBXFileReference; fileEncoding = 4; lastKnownFileType = sourcecode.swift; path = UNoticeBar.swift; sourceTree = "<group>"; };
		04D942AF2A31548C00680CBC /* Model.swift */ = {isa = PBXFileReference; fileEncoding = 4; lastKnownFileType = sourcecode.swift; path = Model.swift; sourceTree = "<group>"; };
		04D942B12A31548C00680CBC /* API.swift */ = {isa = PBXFileReference; fileEncoding = 4; lastKnownFileType = sourcecode.swift; path = API.swift; sourceTree = "<group>"; };
		04D943262A315FBD00680CBC /* Assets */ = {isa = PBXFileReference; lastKnownFileType = folder; path = Assets; sourceTree = "<group>"; };
		50EE1D71246BEC7100C4CF28 /* Wai.app */ = {isa = PBXFileReference; explicitFileType = wrapper.application; includeInIndex = 0; path = Wai.app; sourceTree = BUILT_PRODUCTS_DIR; };
		50EE1D74246BEC7100C4CF28 /* AppDelegate.swift */ = {isa = PBXFileReference; lastKnownFileType = sourcecode.swift; path = AppDelegate.swift; sourceTree = "<group>"; };
		50EE1D7D246BEC7300C4CF28 /* Assets.xcassets */ = {isa = PBXFileReference; lastKnownFileType = folder.assetcatalog; path = Assets.xcassets; sourceTree = "<group>"; };
		50EE1D80246BEC7300C4CF28 /* Base */ = {isa = PBXFileReference; lastKnownFileType = file.storyboard; name = Base; path = Base.lproj/LaunchScreen.storyboard; sourceTree = "<group>"; };
		50EE1D82246BEC7300C4CF28 /* Info.plist */ = {isa = PBXFileReference; lastKnownFileType = text.plist.xml; path = Info.plist; sourceTree = "<group>"; };
		50EE1DCA246CD98600C4CF28 /* Main.storyboard */ = {isa = PBXFileReference; fileEncoding = 4; lastKnownFileType = file.storyboard; path = Main.storyboard; sourceTree = "<group>"; };
		5B2E227A6DD40033F5054274 /* Pods-U17.debug.xcconfig */ = {isa = PBXFileReference; includeInIndex = 1; lastKnownFileType = text.xcconfig; name = "Pods-U17.debug.xcconfig"; path = "Target Support Files/Pods-U17/Pods-U17.debug.xcconfig"; sourceTree = "<group>"; };
		B77712A9EC93EA7002B814F1 /* Pods-U17.release.xcconfig */ = {isa = PBXFileReference; includeInIndex = 1; lastKnownFileType = text.xcconfig; name = "Pods-U17.release.xcconfig"; path = "Target Support Files/Pods-U17/Pods-U17.release.xcconfig"; sourceTree = "<group>"; };
		D896B883C482121C4CF9E938 /* Pods_U17.framework */ = {isa = PBXFileReference; explicitFileType = wrapper.framework; includeInIndex = 0; path = Pods_U17.framework; sourceTree = BUILT_PRODUCTS_DIR; };
/* End PBXFileReference section */

/* Begin PBXFrameworksBuildPhase section */
		50EE1D6E246BEC7100C4CF28 /* Frameworks */ = {
			isa = PBXFrameworksBuildPhase;
			buildActionMask = 2147483647;
			files = (
				4DCB9388061B539D50EBA2C1 /* Pods_U17.framework in Frameworks */,
			);
			runOnlyForDeploymentPostprocessing = 0;
		};
/* End PBXFrameworksBuildPhase section */

/* Begin PBXGroup section */
		04D9422C2A30F66100680CBC /* Pages */ = {
			isa = PBXGroup;
			children = (
				04D942332A314FB500680CBC /* ScanViewController.swift */,
				04D942342A314FB500680CBC /* VideoRecordViewController.swift */,
				04D942302A314E4100680CBC /* Base */,
				04D9422D2A30F68E00680CBC /* WaiIndexController.swift */,
			);
			path = Pages;
			sourceTree = "<group>";
		};
		04D942302A314E4100680CBC /* Base */ = {
			isa = PBXGroup;
			children = (
				04D942312A314E6000680CBC /* BaseController.swift */,
			);
			path = Base;
			sourceTree = "<group>";
		};
		04D942372A31519600680CBC /* Helpers */ = {
			isa = PBXGroup;
			children = (
				04D9423C2A3151E700680CBC /* SwiftScan */,
				04D942392A3151BD00680CBC /* LocationManager.swift */,
				04D942382A3151BD00680CBC /* RecordManager.swift */,
			);
			path = Helpers;
			sourceTree = "<group>";
		};
		04D9423C2A3151E700680CBC /* SwiftScan */ = {
			isa = PBXGroup;
			children = (
				04D9423D2A3151E700680CBC /* LBXScanNetAnimation.swift */,
				04D9423E2A3151E700680CBC /* LBXScanView.swift */,
				04D9423F2A3151E700680CBC /* LBXScanViewController.swift */,
				04D942402A3151E700680CBC /* LBXScanLineAnimation.swift */,
				04D942412A3151E700680CBC /* LBXScanViewStyle.swift */,
				04D942422A3151E700680CBC /* LBXPermissions.swift */,
				04D942432A3151E700680CBC /* LBXScanWrapper.swift */,
			);
			path = SwiftScan;
			sourceTree = "<group>";
		};
		04D9424D2A31548C00680CBC /* Else */ = {
			isa = PBXGroup;
			children = (
				04D9424E2A31548C00680CBC /* Other */,
				04D942502A31548C00680CBC /* Controller */,
				04D942872A31548C00680CBC /* Common */,
				04D942AE2A31548C00680CBC /* Model */,
				04D942B02A31548C00680CBC /* API */,
			);
			path = Else;
			sourceTree = "<group>";
		};
		04D9424E2A31548C00680CBC /* Other */ = {
			isa = PBXGroup;
			children = (
				04D9424F2A31548C00680CBC /* ViewController.swift */,
			);
			path = Other;
			sourceTree = "<group>";
		};
		04D942502A31548C00680CBC /* Controller */ = {
			isa = PBXGroup;
			children = (
				04D942512A31548C00680CBC /* Home */,
				04D9426C2A31548C00680CBC /* Mine */,
				04D942712A31548C00680CBC /* Community */,
				04D942732A31548C00680CBC /* Main */,
				04D9427D2A31548C00680CBC /* Bookrack */,
			);
			path = Controller;
			sourceTree = "<group>";
		};
		04D942512A31548C00680CBC /* Home */ = {
			isa = PBXGroup;
			children = (
				04D942522A31548C00680CBC /* View */,
				04D942582A31548C00680CBC /* HomeVC.swift */,
				04D942592A31548C00680CBC /* ComicIntro(漫画介绍) */,
			);
			path = Home;
			sourceTree = "<group>";
		};
		04D942522A31548C00680CBC /* View */ = {
			isa = PBXGroup;
			children = (
				04D942532A31548C00680CBC /* ComicCollectionFooterView.swift */,
				04D942542A31548C00680CBC /* FindNavView.swift */,
				04D942552A31548C00680CBC /* ComicCollectionHeaderView.swift */,
				04D942562A31548C00680CBC /* BoardCollectionViewCell.swift */,
				04D942572A31548C00680CBC /* ComicCollectionViewCell.swift */,
			);
			path = View;
			sourceTree = "<group>";
		};
		04D942592A31548C00680CBC /* ComicIntro(漫画介绍) */ = {
			isa = PBXGroup;
			children = (
				04D9425A2A31548C00680CBC /* 阅读漫画 */,
				04D942602A31548C00680CBC /* 全部目录 */,
				04D942662A31548C00680CBC /* ComicIntroVC.swift */,
				04D942672A31548C00680CBC /* 其他作品 */,
				04D9426B2A31548C00680CBC /* ComicIntroVC.storyboard */,
			);
			path = "ComicIntro(漫画介绍)";
			sourceTree = "<group>";
		};
		04D9425A2A31548C00680CBC /* 阅读漫画 */ = {
			isa = PBXGroup;
			children = (
				04D9425B2A31548C00680CBC /* ReadComicVC.swift */,
				04D9425C2A31548C00680CBC /* View */,
			);
			path = "阅读漫画";
			sourceTree = "<group>";
		};
		04D9425C2A31548C00680CBC /* View */ = {
			isa = PBXGroup;
			children = (
				04D9425D2A31548C00680CBC /* ReadTopBarView.swift */,
				04D9425E2A31548C00680CBC /* ReadBottomBarView.swift */,
				04D9425F2A31548C00680CBC /* ReadCollectionViewCell.swift */,
			);
			path = View;
			sourceTree = "<group>";
		};
		04D942602A31548C00680CBC /* 全部目录 */ = {
			isa = PBXGroup;
			children = (
				04D942612A31548C00680CBC /* AllChapterVC.storyboard */,
				04D942622A31548C00680CBC /* AllChapterVC.swift */,
				04D942632A31548C00680CBC /* View */,
			);
			path = "全部目录";
			sourceTree = "<group>";
		};
		04D942632A31548C00680CBC /* View */ = {
			isa = PBXGroup;
			children = (
				04D942642A31548C00680CBC /* ChapterCell.swift */,
				04D942652A31548C00680CBC /* ChapterCell.xib */,
			);
			path = View;
			sourceTree = "<group>";
		};
		04D942672A31548C00680CBC /* 其他作品 */ = {
			isa = PBXGroup;
			children = (
				04D942682A31548C00680CBC /* AuthorComicListVC.swift */,
				04D942692A31548C00680CBC /* View */,
			);
			path = "其他作品";
			sourceTree = "<group>";
		};
		04D942692A31548C00680CBC /* View */ = {
			isa = PBXGroup;
			children = (
				04D9426A2A31548C00680CBC /* OtherWorksCollectionViewCell.swift */,
			);
			path = View;
			sourceTree = "<group>";
		};
		04D9426C2A31548C00680CBC /* Mine */ = {
			isa = PBXGroup;
			children = (
				04D9426D2A31548C00680CBC /* MineVC.swift */,
				04D9426E2A31548C00680CBC /* View */,
			);
			path = Mine;
			sourceTree = "<group>";
		};
		04D9426E2A31548C00680CBC /* View */ = {
			isa = PBXGroup;
			children = (
				04D9426F2A31548C00680CBC /* MineHeaderView.swift */,
				04D942702A31548C00680CBC /* MineCollectionViewCell.swift */,
			);
			path = View;
			sourceTree = "<group>";
		};
		04D942712A31548C00680CBC /* Community */ = {
			isa = PBXGroup;
			children = (
				04D942722A31548C00680CBC /* CommunityVC.swift */,
			);
			path = Community;
			sourceTree = "<group>";
		};
		04D942732A31548C00680CBC /* Main */ = {
			isa = PBXGroup;
			children = (
				04D942742A31548C00680CBC /* ImageController.swift */,
				04D942752A31548C00680CBC /* BaseView */,
				04D9427A2A31548C00680CBC /* SegmentMainController.swift */,
				04D9427B2A31548C00680CBC /* NaviController.swift */,
				04D9427C2A31548C00680CBC /* TabBarController.swift */,
			);
			path = Main;
			sourceTree = "<group>";
		};
		04D942752A31548C00680CBC /* BaseView */ = {
			isa = PBXGroup;
			children = (
				04D942762A31548C00680CBC /* BaseTableViewCell.swift */,
				04D942772A31548C00680CBC /* BaseCollectionViewCell.swift */,
				04D942782A31548C00680CBC /* BaseTableViewHeaderFooterView.swift */,
				04D942792A31548C00680CBC /* BaseCollectionReusableView.swift */,
			);
			path = BaseView;
			sourceTree = "<group>";
		};
		04D9427D2A31548C00680CBC /* Bookrack */ = {
			isa = PBXGroup;
			children = (
				04D9427E2A31548C00680CBC /* 书单 */,
				04D942802A31548C00680CBC /* 历史 */,
				04D942822A31548C00680CBC /* 下载 */,
				04D942842A31548C00680CBC /* 收藏 */,
				04D942862A31548C00680CBC /* BookrackVC.swift */,
			);
			path = Bookrack;
			sourceTree = "<group>";
		};
		04D9427E2A31548C00680CBC /* 书单 */ = {
			isa = PBXGroup;
			children = (
				04D9427F2A31548C00680CBC /* BookListVC.swift */,
			);
			path = "书单";
			sourceTree = "<group>";
		};
		04D942802A31548C00680CBC /* 历史 */ = {
			isa = PBXGroup;
			children = (
				04D942812A31548C00680CBC /* ReadHistoryVC.swift */,
			);
			path = "历史";
			sourceTree = "<group>";
		};
		04D942822A31548C00680CBC /* 下载 */ = {
			isa = PBXGroup;
			children = (
				04D942832A31548C00680CBC /* DownloadVC.swift */,
			);
			path = "下载";
			sourceTree = "<group>";
		};
		04D942842A31548C00680CBC /* 收藏 */ = {
			isa = PBXGroup;
			children = (
				04D942852A31548C00680CBC /* BookCollectionVC.swift */,
			);
			path = "收藏";
			sourceTree = "<group>";
		};
		04D942872A31548C00680CBC /* Common */ = {
			isa = PBXGroup;
			children = (
				04D942882A31548C00680CBC /* CollectionViewLayout */,
				04D9428B2A31548C00680CBC /* LLCycleScrollView */,
				04D942982A31548C00680CBC /* Extension */,
				04D942A22A31548C00680CBC /* Refresh */,
				04D942A42A31548C00680CBC /* EmptyDataSet */,
				04D942A62A31548C00680CBC /* HairPowder */,
				04D942A82A31548C00680CBC /* ParallaxHeader */,
				04D942AC2A31548C00680CBC /* NoticeBar */,
			);
			path = Common;
			sourceTree = "<group>";
		};
		04D942882A31548C00680CBC /* CollectionViewLayout */ = {
			isa = PBXGroup;
			children = (
				04D942892A31548C00680CBC /* UCollectionViewAlignedLayout.swift */,
				04D9428A2A31548C00680CBC /* UCollectionViewSectionBackgroundLayout.swift */,
			);
			path = CollectionViewLayout;
			sourceTree = "<group>";
		};
		04D9428B2A31548C00680CBC /* LLCycleScrollView */ = {
			isa = PBXGroup;
			children = (
				04D9428C2A31548C00680CBC /* LICENSE */,
				04D9428D2A31548C00680CBC /* README.md */,
				04D9428E2A31548C00680CBC /* Lib */,
			);
			path = LLCycleScrollView;
			sourceTree = "<group>";
		};
		04D9428E2A31548C00680CBC /* Lib */ = {
			isa = PBXGroup;
			children = (
				04D9428F2A31548C00680CBC /* LLCycleScrollView */,
				04D942972A31548C00680CBC /* LLCycleScrollView.bundle */,
			);
			path = Lib;
			sourceTree = "<group>";
		};
		04D9428F2A31548C00680CBC /* LLCycleScrollView */ = {
			isa = PBXGroup;
			children = (
				04D942902A31548C00680CBC /* LLViewExtensions.swift */,
				04D942912A31548C00680CBC /* LLPillPageControl.swift */,
				04D942922A31548C00680CBC /* LLCycleScrollView.swift */,
				04D942932A31548C00680CBC /* LLSnakePageControl.swift */,
				04D942942A31548C00680CBC /* LLCycleScrollViewCell.swift */,
				04D942952A31548C00680CBC /* LLFilledPageControl.swift */,
				04D942962A31548C00680CBC /* LLImagePageControl.swift */,
			);
			path = LLCycleScrollView;
			sourceTree = "<group>";
		};
		04D942982A31548C00680CBC /* Extension */ = {
			isa = PBXGroup;
			children = (
				04D942992A31548C00680CBC /* ArrayExtensions.swift */,
				04D9429A2A31548C00680CBC /* UIColorExtension.swift */,
				04D9429B2A31548C00680CBC /* UIViewExtension.swift */,
				04D9429C2A31548C00680CBC /* UIBarButtonItemExtension.swift */,
				04D9429D2A31548C00680CBC /* UIDeviceExtension.swift */,
				04D9429E2A31548C00680CBC /* UIImageExtensions.swift */,
				04D9429F2A31548C00680CBC /* DispatchQueueExtension.swift */,
				04D942A02A31548C00680CBC /* StringExtension.swift */,
				04D942A12A31548C00680CBC /* DictionaryExtension.swift */,
			);
			path = Extension;
			sourceTree = "<group>";
		};
		04D942A22A31548C00680CBC /* Refresh */ = {
			isa = PBXGroup;
			children = (
				04D942A32A31548C00680CBC /* URefresh.swift */,
			);
			path = Refresh;
			sourceTree = "<group>";
		};
		04D942A42A31548C00680CBC /* EmptyDataSet */ = {
			isa = PBXGroup;
			children = (
				04D942A52A31548C00680CBC /* UEmptyDataSet.swift */,
			);
			path = EmptyDataSet;
			sourceTree = "<group>";
		};
		04D942A62A31548C00680CBC /* HairPowder */ = {
			isa = PBXGroup;
			children = (
				04D942A72A31548C00680CBC /* UHairPowder.swift */,
			);
			path = HairPowder;
			sourceTree = "<group>";
		};
		04D942A82A31548C00680CBC /* ParallaxHeader */ = {
			isa = PBXGroup;
			children = (
				04D942A92A31548C00680CBC /* ParallaxHeaderMode.swift */,
				04D942AA2A31548C00680CBC /* UIScrollView+ParallaxHeader.swift */,
				04D942AB2A31548C00680CBC /* ParallaxHeader.swift */,
			);
			path = ParallaxHeader;
			sourceTree = "<group>";
		};
		04D942AC2A31548C00680CBC /* NoticeBar */ = {
			isa = PBXGroup;
			children = (
				04D942AD2A31548C00680CBC /* UNoticeBar.swift */,
			);
			path = NoticeBar;
			sourceTree = "<group>";
		};
		04D942AE2A31548C00680CBC /* Model */ = {
			isa = PBXGroup;
			children = (
				04D942AF2A31548C00680CBC /* Model.swift */,
			);
			path = Model;
			sourceTree = "<group>";
		};
		04D942B02A31548C00680CBC /* API */ = {
			isa = PBXGroup;
			children = (
				04D942B12A31548C00680CBC /* API.swift */,
			);
			path = API;
			sourceTree = "<group>";
		};
		50EE1D68246BEC7100C4CF28 = {
			isa = PBXGroup;
			children = (
				50EE1D73246BEC7100C4CF28 /* U17 */,
				50EE1D72246BEC7100C4CF28 /* Products */,
				F1C6BA53C3EF72F572315142 /* Pods */,
				71A42435EA1920D41F134FEB /* Frameworks */,
			);
			sourceTree = "<group>";
		};
		50EE1D72246BEC7100C4CF28 /* Products */ = {
			isa = PBXGroup;
			children = (
				50EE1D71246BEC7100C4CF28 /* Wai.app */,
			);
			name = Products;
			sourceTree = "<group>";
		};
		50EE1D73246BEC7100C4CF28 /* U17 */ = {
			isa = PBXGroup;
			children = (
				04D943262A315FBD00680CBC /* Assets */,
				04D9424D2A31548C00680CBC /* Else */,
				50EE1D74246BEC7100C4CF28 /* AppDelegate.swift */,
				04D9424B2A31525C00680CBC /* Global.swift */,
				04D942372A31519600680CBC /* Helpers */,
				04D9422C2A30F66100680CBC /* Pages */,
				50EE1DCA246CD98600C4CF28 /* Main.storyboard */,
				50EE1D7D246BEC7300C4CF28 /* Assets.xcassets */,
				50EE1D7F246BEC7300C4CF28 /* LaunchScreen.storyboard */,
				50EE1D82246BEC7300C4CF28 /* Info.plist */,
			);
			path = U17;
			sourceTree = "<group>";
		};
		71A42435EA1920D41F134FEB /* Frameworks */ = {
			isa = PBXGroup;
			children = (
				D896B883C482121C4CF9E938 /* Pods_U17.framework */,
			);
			name = Frameworks;
			sourceTree = "<group>";
		};
		F1C6BA53C3EF72F572315142 /* Pods */ = {
			isa = PBXGroup;
			children = (
				5B2E227A6DD40033F5054274 /* Pods-U17.debug.xcconfig */,
				B77712A9EC93EA7002B814F1 /* Pods-U17.release.xcconfig */,
			);
			path = Pods;
			sourceTree = "<group>";
		};
/* End PBXGroup section */

/* Begin PBXNativeTarget section */
		50EE1D70246BEC7100C4CF28 /* U17 */ = {
			isa = PBXNativeTarget;
			buildConfigurationList = 50EE1D85246BEC7300C4CF28 /* Build configuration list for PBXNativeTarget "U17" */;
			buildPhases = (
				41A67553210DBCF6927DC88D /* [CP] Check Pods Manifest.lock */,
				50EE1D6D246BEC7100C4CF28 /* Sources */,
				50EE1D6E246BEC7100C4CF28 /* Frameworks */,
				50EE1D6F246BEC7100C4CF28 /* Resources */,
				76F4CDE0D1E39C4D7E0292F7 /* [CP] Embed Pods Frameworks */,
			);
			buildRules = (
			);
			dependencies = (
			);
			name = U17;
			productName = U17;
			productReference = 50EE1D71246BEC7100C4CF28 /* Wai.app */;
			productType = "com.apple.product-type.application";
		};
/* End PBXNativeTarget section */

/* Begin PBXProject section */
		50EE1D69246BEC7100C4CF28 /* Project object */ = {
			isa = PBXProject;
			attributes = {
				LastSwiftUpdateCheck = 1140;
				LastUpgradeCheck = 1140;
				ORGANIZATIONNAME = Barry;
				TargetAttributes = {
					50EE1D70246BEC7100C4CF28 = {
						CreatedOnToolsVersion = 11.4.1;
					};
				};
			};
			buildConfigurationList = 50EE1D6C246BEC7100C4CF28 /* Build configuration list for PBXProject "U17" */;
			compatibilityVersion = "Xcode 9.3";
			developmentRegion = en;
			hasScannedForEncodings = 0;
			knownRegions = (
				en,
				Base,
			);
			mainGroup = 50EE1D68246BEC7100C4CF28;
			productRefGroup = 50EE1D72246BEC7100C4CF28 /* Products */;
			projectDirPath = "";
			projectRoot = "";
			targets = (
				50EE1D70246BEC7100C4CF28 /* U17 */,
			);
		};
/* End PBXProject section */

/* Begin PBXResourcesBuildPhase section */
		50EE1D6F246BEC7100C4CF28 /* Resources */ = {
			isa = PBXResourcesBuildPhase;
			buildActionMask = 2147483647;
			files = (
				50EE1DCB246CD98600C4CF28 /* Main.storyboard in Resources */,
				50EE1D81246BEC7300C4CF28 /* LaunchScreen.storyboard in Resources */,
				50EE1D7E246BEC7300C4CF28 /* Assets.xcassets in Resources */,
				04D942E12A31548D00680CBC /* LLCycleScrollView.bundle in Resources */,
				04D942D82A31548D00680CBC /* LICENSE in Resources */,
				04D943272A315FBD00680CBC /* Assets in Resources */,
				04D942BD2A31548C00680CBC /* AllChapterVC.storyboard in Resources */,
				04D942C42A31548C00680CBC /* ComicIntroVC.storyboard in Resources */,
				04D942D92A31548D00680CBC /* README.md in Resources */,
				04D942C02A31548C00680CBC /* ChapterCell.xib in Resources */,
			);
			runOnlyForDeploymentPostprocessing = 0;
		};
/* End PBXResourcesBuildPhase section */

/* Begin PBXShellScriptBuildPhase section */
		41A67553210DBCF6927DC88D /* [CP] Check Pods Manifest.lock */ = {
			isa = PBXShellScriptBuildPhase;
			buildActionMask = 2147483647;
			files = (
			);
			inputFileListPaths = (
			);
			inputPaths = (
				"${PODS_PODFILE_DIR_PATH}/Podfile.lock",
				"${PODS_ROOT}/Manifest.lock",
			);
			name = "[CP] Check Pods Manifest.lock";
			outputFileListPaths = (
			);
			outputPaths = (
				"$(DERIVED_FILE_DIR)/Pods-U17-checkManifestLockResult.txt",
			);
			runOnlyForDeploymentPostprocessing = 0;
			shellPath = /bin/sh;
			shellScript = "diff \"${PODS_PODFILE_DIR_PATH}/Podfile.lock\" \"${PODS_ROOT}/Manifest.lock\" > /dev/null\nif [ $? != 0 ] ; then\n    # print error to STDERR\n    echo \"error: The sandbox is not in sync with the Podfile.lock. Run 'pod install' or update your CocoaPods installation.\" >&2\n    exit 1\nfi\n# This output is used by Xcode 'outputs' to avoid re-running this script phase.\necho \"SUCCESS\" > \"${SCRIPT_OUTPUT_FILE_0}\"\n";
			showEnvVarsInLog = 0;
		};
		76F4CDE0D1E39C4D7E0292F7 /* [CP] Embed Pods Frameworks */ = {
			isa = PBXShellScriptBuildPhase;
			buildActionMask = 2147483647;
			files = (
			);
			inputFileListPaths = (
				"${PODS_ROOT}/Target Support Files/Pods-U17/Pods-U17-frameworks-${CONFIGURATION}-input-files.xcfilelist",
			);
			name = "[CP] Embed Pods Frameworks";
			outputFileListPaths = (
				"${PODS_ROOT}/Target Support Files/Pods-U17/Pods-U17-frameworks-${CONFIGURATION}-output-files.xcfilelist",
			);
			runOnlyForDeploymentPostprocessing = 0;
			shellPath = /bin/sh;
			shellScript = "\"${PODS_ROOT}/Target Support Files/Pods-U17/Pods-U17-frameworks.sh\"\n";
			showEnvVarsInLog = 0;
		};
/* End PBXShellScriptBuildPhase section */

/* Begin PBXSourcesBuildPhase section */
		50EE1D6D246BEC7100C4CF28 /* Sources */ = {
			isa = PBXSourcesBuildPhase;
			buildActionMask = 2147483647;
			files = (
				04D942D52A31548D00680CBC /* BookrackVC.swift in Sources */,
				04D942ED2A31548D00680CBC /* UHairPowder.swift in Sources */,
				04D942DB2A31548D00680CBC /* LLPillPageControl.swift in Sources */,
				04D942DE2A31548D00680CBC /* LLCycleScrollViewCell.swift in Sources */,
				04D942C62A31548C00680CBC /* MineHeaderView.swift in Sources */,
				04D942CF2A31548D00680CBC /* NaviController.swift in Sources */,
				04D9424C2A31525C00680CBC /* Global.swift in Sources */,
				04D942452A3151E700680CBC /* LBXScanView.swift in Sources */,
				04D942DA2A31548D00680CBC /* LLViewExtensions.swift in Sources */,
				04D942C82A31548C00680CBC /* CommunityVC.swift in Sources */,
				04D942E72A31548D00680CBC /* UIImageExtensions.swift in Sources */,
				04D942F22A31548D00680CBC /* Model.swift in Sources */,
				04D942462A3151E700680CBC /* LBXScanViewController.swift in Sources */,
				04D942EB2A31548D00680CBC /* URefresh.swift in Sources */,
				04D942DF2A31548D00680CBC /* LLFilledPageControl.swift in Sources */,
				04D942EF2A31548D00680CBC /* UIScrollView+ParallaxHeader.swift in Sources */,
				04D942D62A31548D00680CBC /* UCollectionViewAlignedLayout.swift in Sources */,
				04D942362A314FB600680CBC /* VideoRecordViewController.swift in Sources */,
				04D942DC2A31548D00680CBC /* LLCycleScrollView.swift in Sources */,
				04D942F32A31548D00680CBC /* API.swift in Sources */,
				50EE1D75246BEC7100C4CF28 /* AppDelegate.swift in Sources */,
				04D942E22A31548D00680CBC /* ArrayExtensions.swift in Sources */,
				04D942C22A31548C00680CBC /* AuthorComicListVC.swift in Sources */,
				04D942E32A31548D00680CBC /* UIColorExtension.swift in Sources */,
				04D942B92A31548C00680CBC /* ReadComicVC.swift in Sources */,
				04D942442A3151E700680CBC /* LBXScanNetAnimation.swift in Sources */,
				04D942D12A31548D00680CBC /* BookListVC.swift in Sources */,
				04D942472A3151E700680CBC /* LBXScanLineAnimation.swift in Sources */,
				04D942C52A31548C00680CBC /* MineVC.swift in Sources */,
				04D942EE2A31548D00680CBC /* ParallaxHeaderMode.swift in Sources */,
				04D942BB2A31548C00680CBC /* ReadBottomBarView.swift in Sources */,
				04D942B62A31548C00680CBC /* BoardCollectionViewCell.swift in Sources */,
				04D942492A3151E700680CBC /* LBXPermissions.swift in Sources */,
				04D942EA2A31548D00680CBC /* DictionaryExtension.swift in Sources */,
				04D942BE2A31548C00680CBC /* AllChapterVC.swift in Sources */,
				04D942CD2A31548C00680CBC /* BaseCollectionReusableView.swift in Sources */,
				04D942C72A31548C00680CBC /* MineCollectionViewCell.swift in Sources */,
				04D942B82A31548C00680CBC /* HomeVC.swift in Sources */,
				04D942E42A31548D00680CBC /* UIViewExtension.swift in Sources */,
				04D942322A314E6000680CBC /* BaseController.swift in Sources */,
				04D942482A3151E700680CBC /* LBXScanViewStyle.swift in Sources */,
				04D942D42A31548D00680CBC /* BookCollectionVC.swift in Sources */,
				04D942BF2A31548C00680CBC /* ChapterCell.swift in Sources */,
				04D9423A2A3151BD00680CBC /* RecordManager.swift in Sources */,
				04D942E92A31548D00680CBC /* StringExtension.swift in Sources */,
				04D942CA2A31548C00680CBC /* BaseTableViewCell.swift in Sources */,
				04D942D02A31548D00680CBC /* TabBarController.swift in Sources */,
				04D942F02A31548D00680CBC /* ParallaxHeader.swift in Sources */,
				04D942BA2A31548C00680CBC /* ReadTopBarView.swift in Sources */,
				04D942D32A31548D00680CBC /* DownloadVC.swift in Sources */,
				04D942E82A31548D00680CBC /* DispatchQueueExtension.swift in Sources */,
				04D942C92A31548C00680CBC /* ImageController.swift in Sources */,
				04D942E52A31548D00680CBC /* UIBarButtonItemExtension.swift in Sources */,
				04D942C12A31548C00680CBC /* ComicIntroVC.swift in Sources */,
				04D942B42A31548C00680CBC /* FindNavView.swift in Sources */,
				04D942352A314FB600680CBC /* ScanViewController.swift in Sources */,
				04D942B72A31548C00680CBC /* ComicCollectionViewCell.swift in Sources */,
				04D942CB2A31548C00680CBC /* BaseCollectionViewCell.swift in Sources */,
				04D9424A2A3151E700680CBC /* LBXScanWrapper.swift in Sources */,
				04D942D22A31548D00680CBC /* ReadHistoryVC.swift in Sources */,
				04D942CE2A31548D00680CBC /* SegmentMainController.swift in Sources */,
				04D9423B2A3151BD00680CBC /* LocationManager.swift in Sources */,
				04D942CC2A31548C00680CBC /* BaseTableViewHeaderFooterView.swift in Sources */,
				04D942B22A31548C00680CBC /* ViewController.swift in Sources */,
				04D942D72A31548D00680CBC /* UCollectionViewSectionBackgroundLayout.swift in Sources */,
				04D9422E2A30F68E00680CBC /* WaiIndexController.swift in Sources */,
				04D942F12A31548D00680CBC /* UNoticeBar.swift in Sources */,
				04D942DD2A31548D00680CBC /* LLSnakePageControl.swift in Sources */,
				04D942E02A31548D00680CBC /* LLImagePageControl.swift in Sources */,
				04D942B52A31548C00680CBC /* ComicCollectionHeaderView.swift in Sources */,
				04D942BC2A31548C00680CBC /* ReadCollectionViewCell.swift in Sources */,
				04D942EC2A31548D00680CBC /* UEmptyDataSet.swift in Sources */,
				04D942B32A31548C00680CBC /* ComicCollectionFooterView.swift in Sources */,
				04D942C32A31548C00680CBC /* OtherWorksCollectionViewCell.swift in Sources */,
				04D942E62A31548D00680CBC /* UIDeviceExtension.swift in Sources */,
			);
			runOnlyForDeploymentPostprocessing = 0;
		};
/* End PBXSourcesBuildPhase section */

/* Begin PBXVariantGroup section */
		50EE1D7F246BEC7300C4CF28 /* LaunchScreen.storyboard */ = {
			isa = PBXVariantGroup;
			children = (
				50EE1D80246BEC7300C4CF28 /* Base */,
			);
			name = LaunchScreen.storyboard;
			sourceTree = "<group>";
		};
/* End PBXVariantGroup section */

/* Begin XCBuildConfiguration section */
		50EE1D83246BEC7300C4CF28 /* Debug */ = {
			isa = XCBuildConfiguration;
			buildSettings = {
				ALWAYS_SEARCH_USER_PATHS = NO;
				CLANG_ANALYZER_NONNULL = YES;
				CLANG_ANALYZER_NUMBER_OBJECT_CONVERSION = YES_AGGRESSIVE;
				CLANG_CXX_LANGUAGE_STANDARD = "gnu++14";
				CLANG_CXX_LIBRARY = "libc++";
				CLANG_ENABLE_MODULES = YES;
				CLANG_ENABLE_OBJC_ARC = YES;
				CLANG_ENABLE_OBJC_WEAK = YES;
				CLANG_WARN_BLOCK_CAPTURE_AUTORELEASING = YES;
				CLANG_WARN_BOOL_CONVERSION = YES;
				CLANG_WARN_COMMA = YES;
				CLANG_WARN_CONSTANT_CONVERSION = YES;
				CLANG_WARN_DEPRECATED_OBJC_IMPLEMENTATIONS = YES;
				CLANG_WARN_DIRECT_OBJC_ISA_USAGE = YES_ERROR;
				CLANG_WARN_DOCUMENTATION_COMMENTS = YES;
				CLANG_WARN_EMPTY_BODY = YES;
				CLANG_WARN_ENUM_CONVERSION = YES;
				CLANG_WARN_INFINITE_RECURSION = YES;
				CLANG_WARN_INT_CONVERSION = YES;
				CLANG_WARN_NON_LITERAL_NULL_CONVERSION = YES;
				CLANG_WARN_OBJC_IMPLICIT_RETAIN_SELF = YES;
				CLANG_WARN_OBJC_LITERAL_CONVERSION = YES;
				CLANG_WARN_OBJC_ROOT_CLASS = YES_ERROR;
				CLANG_WARN_RANGE_LOOP_ANALYSIS = YES;
				CLANG_WARN_STRICT_PROTOTYPES = YES;
				CLANG_WARN_SUSPICIOUS_MOVE = YES;
				CLANG_WARN_UNGUARDED_AVAILABILITY = YES_AGGRESSIVE;
				CLANG_WARN_UNREACHABLE_CODE = YES;
				CLANG_WARN__DUPLICATE_METHOD_MATCH = YES;
				COPY_PHASE_STRIP = NO;
				DEBUG_INFORMATION_FORMAT = dwarf;
				ENABLE_STRICT_OBJC_MSGSEND = YES;
				ENABLE_TESTABILITY = YES;
				GCC_C_LANGUAGE_STANDARD = gnu11;
				GCC_DYNAMIC_NO_PIC = NO;
				GCC_NO_COMMON_BLOCKS = YES;
				GCC_OPTIMIZATION_LEVEL = 0;
				GCC_PREPROCESSOR_DEFINITIONS = (
					"DEBUG=1",
					"$(inherited)",
				);
				GCC_WARN_64_TO_32_BIT_CONVERSION = YES;
				GCC_WARN_ABOUT_RETURN_TYPE = YES_ERROR;
				GCC_WARN_UNDECLARED_SELECTOR = YES;
				GCC_WARN_UNINITIALIZED_AUTOS = YES_AGGRESSIVE;
				GCC_WARN_UNUSED_FUNCTION = YES;
				GCC_WARN_UNUSED_VARIABLE = YES;
				IPHONEOS_DEPLOYMENT_TARGET = 13.4;
				MTL_ENABLE_DEBUG_INFO = INCLUDE_SOURCE;
				MTL_FAST_MATH = YES;
				ONLY_ACTIVE_ARCH = YES;
				SDKROOT = iphoneos;
				SWIFT_ACTIVE_COMPILATION_CONDITIONS = DEBUG;
				SWIFT_OPTIMIZATION_LEVEL = "-Onone";
			};
			name = Debug;
		};
		50EE1D84246BEC7300C4CF28 /* Release */ = {
			isa = XCBuildConfiguration;
			buildSettings = {
				ALWAYS_SEARCH_USER_PATHS = NO;
				CLANG_ANALYZER_NONNULL = YES;
				CLANG_ANALYZER_NUMBER_OBJECT_CONVERSION = YES_AGGRESSIVE;
				CLANG_CXX_LANGUAGE_STANDARD = "gnu++14";
				CLANG_CXX_LIBRARY = "libc++";
				CLANG_ENABLE_MODULES = YES;
				CLANG_ENABLE_OBJC_ARC = YES;
				CLANG_ENABLE_OBJC_WEAK = YES;
				CLANG_WARN_BLOCK_CAPTURE_AUTORELEASING = YES;
				CLANG_WARN_BOOL_CONVERSION = YES;
				CLANG_WARN_COMMA = YES;
				CLANG_WARN_CONSTANT_CONVERSION = YES;
				CLANG_WARN_DEPRECATED_OBJC_IMPLEMENTATIONS = YES;
				CLANG_WARN_DIRECT_OBJC_ISA_USAGE = YES_ERROR;
				CLANG_WARN_DOCUMENTATION_COMMENTS = YES;
				CLANG_WARN_EMPTY_BODY = YES;
				CLANG_WARN_ENUM_CONVERSION = YES;
				CLANG_WARN_INFINITE_RECURSION = YES;
				CLANG_WARN_INT_CONVERSION = YES;
				CLANG_WARN_NON_LITERAL_NULL_CONVERSION = YES;
				CLANG_WARN_OBJC_IMPLICIT_RETAIN_SELF = YES;
				CLANG_WARN_OBJC_LITERAL_CONVERSION = YES;
				CLANG_WARN_OBJC_ROOT_CLASS = YES_ERROR;
				CLANG_WARN_RANGE_LOOP_ANALYSIS = YES;
				CLANG_WARN_STRICT_PROTOTYPES = YES;
				CLANG_WARN_SUSPICIOUS_MOVE = YES;
				CLANG_WARN_UNGUARDED_AVAILABILITY = YES_AGGRESSIVE;
				CLANG_WARN_UNREACHABLE_CODE = YES;
				CLANG_WARN__DUPLICATE_METHOD_MATCH = YES;
				COPY_PHASE_STRIP = NO;
				DEBUG_INFORMATION_FORMAT = "dwarf-with-dsym";
				ENABLE_NS_ASSERTIONS = NO;
				ENABLE_STRICT_OBJC_MSGSEND = YES;
				GCC_C_LANGUAGE_STANDARD = gnu11;
				GCC_NO_COMMON_BLOCKS = YES;
				GCC_WARN_64_TO_32_BIT_CONVERSION = YES;
				GCC_WARN_ABOUT_RETURN_TYPE = YES_ERROR;
				GCC_WARN_UNDECLARED_SELECTOR = YES;
				GCC_WARN_UNINITIALIZED_AUTOS = YES_AGGRESSIVE;
				GCC_WARN_UNUSED_FUNCTION = YES;
				GCC_WARN_UNUSED_VARIABLE = YES;
				IPHONEOS_DEPLOYMENT_TARGET = 13.4;
				MTL_ENABLE_DEBUG_INFO = NO;
				MTL_FAST_MATH = YES;
				SDKROOT = iphoneos;
				SWIFT_COMPILATION_MODE = wholemodule;
				SWIFT_OPTIMIZATION_LEVEL = "-O";
				VALIDATE_PRODUCT = YES;
			};
			name = Release;
		};
		50EE1D86246BEC7300C4CF28 /* Debug */ = {
			isa = XCBuildConfiguration;
			baseConfigurationReference = 5B2E227A6DD40033F5054274 /* Pods-U17.debug.xcconfig */;
			buildSettings = {
				ASSETCATALOG_COMPILER_APPICON_NAME = AppIcon;
				CODE_SIGN_IDENTITY = "Apple Development";
				CODE_SIGN_STYLE = Automatic;
				DEVELOPMENT_TEAM = WM9QHMV8W7;
				INFOPLIST_FILE = U17/Info.plist;
				INFOPLIST_KEY_CFBundleDisplayName = Wai;
				IPHONEOS_DEPLOYMENT_TARGET = 11.0;
				LD_RUNPATH_SEARCH_PATHS = (
					"$(inherited)",
					"@executable_path/Frameworks",
				);
				PRODUCT_BUNDLE_IDENTIFIER = com.chat.wai.ios;
				PRODUCT_NAME = Wai;
				PROVISIONING_PROFILE_SPECIFIER = "";
				SWIFT_VERSION = 5.0;
				TARGETED_DEVICE_FAMILY = 1;
			};
			name = Debug;
		};
		50EE1D87246BEC7300C4CF28 /* Release */ = {
			isa = XCBuildConfiguration;
			baseConfigurationReference = B77712A9EC93EA7002B814F1 /* Pods-U17.release.xcconfig */;
			buildSettings = {
				ASSETCATALOG_COMPILER_APPICON_NAME = AppIcon;
				CODE_SIGN_IDENTITY = "Apple Development";
				CODE_SIGN_STYLE = Automatic;
				DEVELOPMENT_TEAM = WM9QHMV8W7;
				INFOPLIST_FILE = U17/Info.plist;
				INFOPLIST_KEY_CFBundleDisplayName = Wai;
				IPHONEOS_DEPLOYMENT_TARGET = 11.0;
				LD_RUNPATH_SEARCH_PATHS = (
					"$(inherited)",
					"@executable_path/Frameworks",
				);
				PRODUCT_BUNDLE_IDENTIFIER = com.chat.wai.ios;
				PRODUCT_NAME = Wai;
				PROVISIONING_PROFILE_SPECIFIER = "";
				SWIFT_VERSION = 5.0;
				TARGETED_DEVICE_FAMILY = 1;
			};
			name = Release;
		};
/* End XCBuildConfiguration section */

/* Begin XCConfigurationList section */
		50EE1D6C246BEC7100C4CF28 /* Build configuration list for PBXProject "U17" */ = {
			isa = XCConfigurationList;
			buildConfigurations = (
				50EE1D83246BEC7300C4CF28 /* Debug */,
				50EE1D84246BEC7300C4CF28 /* Release */,
			);
			defaultConfigurationIsVisible = 0;
			defaultConfigurationName = Release;
		};
		50EE1D85246BEC7300C4CF28 /* Build configuration list for PBXNativeTarget "U17" */ = {
			isa = XCConfigurationList;
			buildConfigurations = (
				50EE1D86246BEC7300C4CF28 /* Debug */,
				50EE1D87246BEC7300C4CF28 /* Release */,
			);
			defaultConfigurationIsVisible = 0;
			defaultConfigurationName = Release;
		};
/* End XCConfigurationList section */
	};
	rootObject = 50EE1D69246BEC7100C4CF28 /* Project object */;
}
